
Microsoft Visual Studio Solution File, Format Version 12.00
# Visual Studio 14
VisualStudioVersion = 14.0.23107.0
MinimumVisualStudioVersion = 10.0.40219.1
Project("{FAE04EC0-301F-11D3-BF4B-00C04F79EFBC}") = "MyNes", "MyNes\MyNes.csproj", "{5883614C-A4E9-41E5-B446-1FE179A54811}"
EndProject
Project("{FAE04EC0-301F-11D3-BF4B-00C04F79EFBC}") = "Core", "Core\Core.csproj", "{25F4068D-5D3E-45DA-85D6-8B113D51BA0E}"
EndProject
Project("{FAE04EC0-301F-11D3-BF4B-00C04F79EFBC}") = "MLV", "MLV\MLV.csproj", "{CB876583-D5F9-4398-B399-FBE6D4AA8A51}"
EndProject
Project("{FAE04EC0-301F-11D3-BF4B-00C04F79EFBC}") = "MMB", "MMB\MMB.csproj", "{A43061A2-F337-413A-A008-9DF2973351C4}"
EndProject
Project("{2150E333-8FDC-42A3-9474-1A3956D46DE8}") = "Solution Items", "Solution Items", "{0F2D5217-DE76-4269-821B-93E89E0E2F94}"
	ProjectSection(SolutionItems) = preProject
		ChangeLog.txt = ChangeLog.txt
		TODO.txt = TODO.txt
	EndProjectSection
EndProject
Project("{FAE04EC0-301F-11D3-BF4B-00C04F79EFBC}") = "TheGamesDBAPI", "TheGamesDBAPI\TheGamesDBAPI.csproj", "{C2C54A91-76F0-45A4-8DEC-DC771FFF371D}"
EndProject
Global
	GlobalSection(SolutionConfigurationPlatforms) = preSolution
		Debug (Mega Man 2)|x86 = Debug (Mega Man 2)|x86
		Debug (Super Mario Bros)|x86 = Debug (Super Mario Bros)|x86
		Release (Mega Man 2)|x86 = Release (Mega Man 2)|x86
		Release (Super Mario Bros)|x86 = Release (Super Mario Bros)|x86
	EndGlobalSection
	GlobalSection(ProjectConfigurationPlatforms) = postSolution
		{5883614C-A4E9-41E5-B446-1FE179A54811}.Debug (Mega Man 2)|x86.ActiveCfg = Debug (Mega Man 2)|x86
		{5883614C-A4E9-41E5-B446-1FE179A54811}.Debug (Mega Man 2)|x86.Build.0 = Debug (Mega Man 2)|x86
		{5883614C-A4E9-41E5-B446-1FE179A54811}.Debug (Super Mario Bros)|x86.ActiveCfg = Debug (Mega Man 2)|x86
		{5883614C-A4E9-41E5-B446-1FE179A54811}.Debug (Super Mario Bros)|x86.Build.0 = Debug (Mega Man 2)|x86
		{5883614C-A4E9-41E5-B446-1FE179A54811}.Release (Mega Man 2)|x86.ActiveCfg = Release (Mega Man 2)|x86
		{5883614C-A4E9-41E5-B446-1FE179A54811}.Release (Mega Man 2)|x86.Build.0 = Release (Mega Man 2)|x86
		{5883614C-A4E9-41E5-B446-1FE179A54811}.Release (Super Mario Bros)|x86.ActiveCfg = Release (Super Mario Bros)|x86
		{5883614C-A4E9-41E5-B446-1FE179A54811}.Release (Super Mario Bros)|x86.Build.0 = Release (Super Mario Bros)|x86
		{25F4068D-5D3E-45DA-85D6-8B113D51BA0E}.Debug (Mega Man 2)|x86.ActiveCfg = Debug|x86
		{25F4068D-5D3E-45DA-85D6-8B113D51BA0E}.Debug (Mega Man 2)|x86.Build.0 = Debug|x86
		{25F4068D-5D3E-45DA-85D6-8B113D51BA0E}.Debug (Super Mario Bros)|x86.ActiveCfg = Debug|x86
		{25F4068D-5D3E-45DA-85D6-8B113D51BA0E}.Debug (Super Mario Bros)|x86.Build.0 = Debug|x86
		{25F4068D-5D3E-45DA-85D6-8B113D51BA0E}.Release (Mega Man 2)|x86.ActiveCfg = Release|x86
		{25F4068D-5D3E-45DA-85D6-8B113D51BA0E}.Release (Mega Man 2)|x86.Build.0 = Release|x86
		{25F4068D-5D3E-45DA-85D6-8B113D51BA0E}.Release (Super Mario Bros)|x86.ActiveCfg = Release|x86
		{25F4068D-5D3E-45DA-85D6-8B113D51BA0E}.Release (Super Mario Bros)|x86.Build.0 = Release|x86
		{CB876583-D5F9-4398-B399-FBE6D4AA8A51}.Debug (Mega Man 2)|x86.ActiveCfg = Debug|x86
		{CB876583-D5F9-4398-B399-FBE6D4AA8A51}.Debug (Mega Man 2)|x86.Build.0 = Debug|x86
		{CB876583-D5F9-4398-B399-FBE6D4AA8A51}.Debug (Super Mario Bros)|x86.ActiveCfg = Debug|x86
		{CB876583-D5F9-4398-B399-FBE6D4AA8A51}.Debug (Super Mario Bros)|x86.Build.0 = Debug|x86
		{CB876583-D5F9-4398-B399-FBE6D4AA8A51}.Release (Mega Man 2)|x86.ActiveCfg = Release|x86
		{CB876583-D5F9-4398-B399-FBE6D4AA8A51}.Release (Mega Man 2)|x86.Build.0 = Release|x86
		{CB876583-D5F9-4398-B399-FBE6D4AA8A51}.Release (Super Mario Bros)|x86.ActiveCfg = Release|x86
		{CB876583-D5F9-4398-B399-FBE6D4AA8A51}.Release (Super Mario Bros)|x86.Build.0 = Release|x86
		{A43061A2-F337-413A-A008-9DF2973351C4}.Debug (Mega Man 2)|x86.ActiveCfg = Debug|x86
		{A43061A2-F337-413A-A008-9DF2973351C4}.Debug (Mega Man 2)|x86.Build.0 = Debug|x86
		{A43061A2-F337-413A-A008-9DF2973351C4}.Debug (Super Mario Bros)|x86.ActiveCfg = Debug|x86
		{A43061A2-F337-413A-A008-9DF2973351C4}.Debug (Super Mario Bros)|x86.Build.0 = Debug|x86
		{A43061A2-F337-413A-A008-9DF2973351C4}.Release (Mega Man 2)|x86.ActiveCfg = Release|x86
		{A43061A2-F337-413A-A008-9DF2973351C4}.Release (Mega Man 2)|x86.Build.0 = Release|x86
		{A43061A2-F337-413A-A008-9DF2973351C4}.Release (Super Mario Bros)|x86.ActiveCfg = Release|x86
		{A43061A2-F337-413A-A008-9DF2973351C4}.Release (Super Mario Bros)|x86.Build.0 = Release|x86
		{C2C54A91-76F0-45A4-8DEC-DC771FFF371D}.Debug (Mega Man 2)|x86.ActiveCfg = Debug|x86
		{C2C54A91-76F0-45A4-8DEC-DC771FFF371D}.Debug (Mega Man 2)|x86.Build.0 = Debug|x86
		{C2C54A91-76F0-45A4-8DEC-DC771FFF371D}.Debug (Super Mario Bros)|x86.ActiveCfg = Debug|x86
		{C2C54A91-76F0-45A4-8DEC-DC771FFF371D}.Debug (Super Mario Bros)|x86.Build.0 = Debug|x86
		{C2C54A91-76F0-45A4-8DEC-DC771FFF371D}.Release (Mega Man 2)|x86.ActiveCfg = Release|x86
		{C2C54A91-76F0-45A4-8DEC-DC771FFF371D}.Release (Mega Man 2)|x86.Build.0 = Release|x86
		{C2C54A91-76F0-45A4-8DEC-DC771FFF371D}.Release (Super Mario Bros)|x86.ActiveCfg = Release|x86
		{C2C54A91-76F0-45A4-8DEC-DC771FFF371D}.Release (Super Mario Bros)|x86.Build.0 = Release|x86
	EndGlobalSection
	GlobalSection(SolutionProperties) = preSolution
		HideSolutionNode = FALSE
	EndGlobalSection
EndGlobal
